// !$*UTF8*$!
{
	archiveVersion = 1;
	classes = {
	};
	objectVersion = 48;
	objects = {

/* Begin PBXBuildFile section */
		5703733A1FAB06C3004C3028 /* AppDelegate.swift in Sources */ = {isa = PBXBuildFile; fileRef = 570373391FAB06C3004C3028 /* AppDelegate.swift */; };
		5703733C1FAB06C3004C3028 /* ViewController.swift in Sources */ = {isa = PBXBuildFile; fileRef = 5703733B1FAB06C3004C3028 /* ViewController.swift */; };
		5703733F1FAB06C3004C3028 /* Main.storyboard in Resources */ = {isa = PBXBuildFile; fileRef = 5703733D1FAB06C3004C3028 /* Main.storyboard */; };
		570373411FAB06C3004C3028 /* Assets.xcassets in Resources */ = {isa = PBXBuildFile; fileRef = 570373401FAB06C3004C3028 /* Assets.xcassets */; };
		570373441FAB06C3004C3028 /* LaunchScreen.storyboard in Resources */ = {isa = PBXBuildFile; fileRef = 570373421FAB06C3004C3028 /* LaunchScreen.storyboard */; };
		739E4C3B1FAC415800FC2D44 /* VGG16.mlmodel in Sources */ = {isa = PBXBuildFile; fileRef = 739E4C3A1FAC414B00FC2D44 /* VGG16.mlmodel */; };
/* End PBXBuildFile section */

/* Begin PBXFileReference section */
		570373361FAB06C3004C3028 /* CoreML and Siri.app */ = {isa = PBXFileReference; explicitFileType = wrapper.application; includeInIndex = 0; path = "CoreML and Siri.app"; sourceTree = BUILT_PRODUCTS_DIR; };
		570373391FAB06C3004C3028 /* AppDelegate.swift */ = {isa = PBXFileReference; lastKnownFileType = sourcecode.swift; path = AppDelegate.swift; sourceTree = "<group>"; };
		5703733B1FAB06C3004C3028 /* ViewController.swift */ = {isa = PBXFileReference; lastKnownFileType = sourcecode.swift; path = ViewController.swift; sourceTree = "<group>"; };
		5703733E1FAB06C3004C3028 /* Base */ = {isa = PBXFileReference; lastKnownFileType = file.storyboard; name = Base; path = Base.lproj/Main.storyboard; sourceTree = "<group>"; };
		570373401FAB06C3004C3028 /* Assets.xcassets */ = {isa = PBXFileReference; lastKnownFileType = folder.assetcatalog; path = Assets.xcassets; sourceTree = "<group>"; };
		570373431FAB06C3004C3028 /* Base */ = {isa = PBXFileReference; lastKnownFileType = file.storyboard; name = Base; path = Base.lproj/LaunchScreen.storyboard; sourceTree = "<group>"; };
		570373451FAB06C3004C3028 /* Info.plist */ = {isa = PBXFileReference; lastKnownFileType = text.plist.xml; path = Info.plist; sourceTree = "<group>"; };
		739E4C3A1FAC414B00FC2D44 /* VGG16.mlmodel */ = {isa = PBXFileReference; lastKnownFileType = file.mlmodel; path = VGG16.mlmodel; sourceTree = "<group>"; };
/* End PBXFileReference section */

/* Begin PBXFrameworksBuildPhase section */
		570373331FAB06C3004C3028 /* Frameworks */ = {
			isa = PBXFrameworksBuildPhase;
			buildActionMask = 2147483647;
			files = (
			);
			runOnlyForDeploymentPostprocessing = 0;
		};
/* End PBXFrameworksBuildPhase section */

/* Begin PBXGroup section */
		5703732D1FAB06C3004C3028 = {
			isa = PBXGroup;
			children = (
				570373381FAB06C3004C3028 /* CoreML and Siri */,
				570373371FAB06C3004C3028 /* Products */,
			);
			sourceTree = "<group>";
		};
		570373371FAB06C3004C3028 /* Products */ = {
			isa = PBXGroup;
			children = (
				570373361FAB06C3004C3028 /* CoreML and Siri.app */,
			);
			name = Products;
			sourceTree = "<group>";
		};
		570373381FAB06C3004C3028 /* CoreML and Siri */ = {
			isa = PBXGroup;
			children = (
				739E4C3A1FAC414B00FC2D44 /* VGG16.mlmodel */,
				570373391FAB06C3004C3028 /* AppDelegate.swift */,
				5703733B1FAB06C3004C3028 /* ViewController.swift */,
				5703733D1FAB06C3004C3028 /* Main.storyboard */,
				570373401FAB06C3004C3028 /* Assets.xcassets */,
				570373421FAB06C3004C3028 /* LaunchScreen.storyboard */,
				570373451FAB06C3004C3028 /* Info.plist */,
			);
			path = "CoreML and Siri";
			sourceTree = "<group>";
		};
/* End PBXGroup section */

/* Begin PBXNativeTarget section */
		570373351FAB06C3004C3028 /* CoreML and Siri */ = {
			isa = PBXNativeTarget;
			buildConfigurationList = 570373481FAB06C3004C3028 /* Build configuration list for PBXNativeTarget "CoreML and Siri" */;
			buildPhases = (
				570373321FAB06C3004C3028 /* Sources */,
				570373331FAB06C3004C3028 /* Frameworks */,
				570373341FAB06C3004C3028 /* Resources */,
			);
			buildRules = (
			);
			dependencies = (
			);
			name = "CoreML and Siri";
			productName = "CoreML and Siri";
			productReference = 570373361FAB06C3004C3028 /* CoreML and Siri.app */;
			productType = "com.apple.product-type.application";
		};
/* End PBXNativeTarget section */

/* Begin PBXProject section */
		5703732E1FAB06C3004C3028 /* Project object */ = {
			isa = PBXProject;
			attributes = {
				LastSwiftUpdateCheck = 0900;
				LastUpgradeCheck = 0900;
				ORGANIZATIONNAME = Lvmama;
				TargetAttributes = {
					570373351FAB06C3004C3028 = {
						CreatedOnToolsVersion = 9.0;
						ProvisioningStyle = Automatic;
					};
				};
			};
			buildConfigurationList = 570373311FAB06C3004C3028 /* Build configuration list for PBXProject "CoreML and Siri" */;
			compatibilityVersion = "Xcode 8.0";
			developmentRegion = en;
			hasScannedForEncodings = 0;
			knownRegions = (
				en,
				Base,
			);
			mainGroup = 5703732D1FAB06C3004C3028;
			productRefGroup = 570373371FAB06C3004C3028 /* Products */;
			projectDirPath = "";
			projectRoot = "";
			targets = (
				570373351FAB06C3004C3028 /* CoreML and Siri */,
			);
		};
/* End PBXProject section */

/* Begin PBXResourcesBuildPhase section */
		570373341FAB06C3004C3028 /* Resources */ = {
			isa = PBXResourcesBuildPhase;
			buildActionMask = 2147483647;
			files = (
				570373441FAB06C3004C3028 /* LaunchScreen.storyboard in Resources */,
				570373411FAB06C3004C3028 /* Assets.xcassets in Resources */,
				5703733F1FAB06C3004C3028 /* Main.storyboard in Resources */,
			);
			runOnlyForDeploymentPostprocessing = 0;
		};
/* End PBXResourcesBuildPhase section */

/* Begin PBXSourcesBuildPhase section */
		570373321FAB06C3004C3028 /* Sources */ = {
			isa = PBXSourcesBuildPhase;
			buildActionMask = 2147483647;
			files = (
				5703733C1FAB06C3004C3028 /* ViewController.swift in Sources */,
				5703733A1FAB06C3004C3028 /* AppDelegate.swift in Sources */,
				739E4C3B1FAC415800FC2D44 /* VGG16.mlmodel in Sources */,
			);
			runOnlyForDeploymentPostprocessing = 0;
		};
/* End PBXSourcesBuildPhase section */

/* Begin PBXVariantGroup section */
		5703733D1FAB06C3004C3028 /* Main.storyboard */ = {
			isa = PBXVariantGroup;
			children = (
				5703733E1FAB06C3004C3028 /* Base */,
			);
			name = Main.storyboard;
			sourceTree = "<group>";
		};
		570373421FAB06C3004C3028 /* LaunchScreen.storyboard */ = {
			isa = PBXVariantGroup;
			children = (
				570373431FAB06C3004C3028 /* Base */,
			);
			name = LaunchScreen.storyboard;
			sourceTree = "<group>";
		};
/* End PBXVariantGroup section */

/* Begin XCBuildConfiguration section */
		570373461FAB06C3004C3028 /* Debug */ = {
			isa = XCBuildConfiguration;
			buildSettings = {
				ALWAYS_SEARCH_USER_PATHS = NO;
				CLANG_ANALYZER_NONNULL = YES;
				CLANG_ANALYZER_NUMBER_OBJECT_CONVERSION = YES_AGGRESSIVE;
				CLANG_CXX_LANGUAGE_STANDARD = "gnu++14";
				CLANG_CXX_LIBRARY = "libc++";
				CLANG_ENABLE_MODULES = YES;
				CLANG_ENABLE_OBJC_ARC = YES;
				CLANG_WARN_BLOCK_CAPTURE_AUTORELEASING = YES;
				CLANG_WARN_BOOL_CONVERSION = YES;
				CLANG_WARN_COMMA = YES;
				CLANG_WARN_CONSTANT_CONVERSION = YES;
				CLANG_WARN_DIRECT_OBJC_ISA_USAGE = YES_ERROR;
				CLANG_WARN_DOCUMENTATION_COMMENTS = YES;
				CLANG_WARN_EMPTY_BODY = YES;
				CLANG_WARN_ENUM_CONVERSION = YES;
				CLANG_WARN_INFINITE_RECURSION = YES;
				CLANG_WARN_INT_CONVERSION = YES;
				CLANG_WARN_NON_LITERAL_NULL_CONVERSION = YES;
				CLANG_WARN_OBJC_LITERAL_CONVERSION = YES;
				CLANG_WARN_OBJC_ROOT_CLASS = YES_ERROR;
				CLANG_WARN_RANGE_LOOP_ANALYSIS = YES;
				CLANG_WARN_STRICT_PROTOTYPES = YES;
				CLANG_WARN_SUSPICIOUS_MOVE = YES;
				CLANG_WARN_UNGUARDED_AVAILABILITY = YES_AGGRESSIVE;
				CLANG_WARN_UNREACHABLE_CODE = YES;
				CLANG_WARN__DUPLICATE_METHOD_MATCH = YES;
				CODE_SIGN_IDENTITY = "iPhone Developer";
				COPY_PHASE_STRIP = NO;
				DEBUG_INFORMATION_FORMAT = dwarf;
				ENABLE_STRICT_OBJC_MSGSEND = YES;
				ENABLE_TESTABILITY = YES;
				GCC_C_LANGUAGE_STANDARD = gnu11;
				GCC_DYNAMIC_NO_PIC = NO;
				GCC_NO_COMMON_BLOCKS = YES;
				GCC_OPTIMIZATION_LEVEL = 0;
				GCC_PREPROCESSOR_DEFINITIONS = (
					"DEBUG=1",
					"$(inherited)",
				);
				GCC_WARN_64_TO_32_BIT_CONVERSION = YES;
				GCC_WARN_ABOUT_RETURN_TYPE = YES_ERROR;
				GCC_WARN_UNDECLARED_SELECTOR = YES;
				GCC_WARN_UNINITIALIZED_AUTOS = YES_AGGRESSIVE;
				GCC_WARN_UNUSED_FUNCTION = YES;
				GCC_WARN_UNUSED_VARIABLE = YES;
				IPHONEOS_DEPLOYMENT_TARGET = 11.0;
				MTL_ENABLE_DEBUG_INFO = YES;
				ONLY_ACTIVE_ARCH = YES;
				SDKROOT = iphoneos;
				SWIFT_ACTIVE_COMPILATION_CONDITIONS = DEBUG;
				SWIFT_OPTIMIZATION_LEVEL = "-Onone";
			};
			name = Debug;
		};
		570373471FAB06C3004C3028 /* Release */ = {
			isa = XCBuildConfiguration;
			buildSettings = {
				ALWAYS_SEARCH_USER_PATHS = NO;
				CLANG_ANALYZER_NONNULL = YES;
				CLANG_ANALYZER_NUMBER_OBJECT_CONVERSION = YES_AGGRESSIVE;
				CLANG_CXX_LANGUAGE_STANDARD = "gnu++14";
				CLANG_CXX_LIBRARY = "libc++";
				CLANG_ENABLE_MODULES = YES;
				CLANG_ENABLE_OBJC_ARC = YES;
				CLANG_WARN_BLOCK_CAPTURE_AUTORELEASING = YES;
				CLANG_WARN_BOOL_CONVERSION = YES;
				CLANG_WARN_COMMA = YES;
				CLANG_WARN_CONSTANT_CONVERSION = YES;
				CLANG_WARN_DIRECT_OBJC_ISA_USAGE = YES_ERROR;
				CLANG_WARN_DOCUMENTATION_COMMENTS = YES;
				CLANG_WARN_EMPTY_BODY = YES;
				CLANG_WARN_ENUM_CONVERSION = YES;
				CLANG_WARN_INFINITE_RECURSION = YES;
				CLANG_WARN_INT_CONVERSION = YES;
				CLANG_WARN_NON_LITERAL_NULL_CONVERSION = YES;
				CLANG_WARN_OBJC_LITERAL_CONVERSION = YES;
				CLANG_WARN_OBJC_ROOT_CLASS = YES_ERROR;
				CLANG_WARN_RANGE_LOOP_ANALYSIS = YES;
				CLANG_WARN_STRICT_PROTOTYPES = YES;
				CLANG_WARN_SUSPICIOUS_MOVE = YES;
				CLANG_WARN_UNGUARDED_AVAILABILITY = YES_AGGRESSIVE;
				CLANG_WARN_UNREACHABLE_CODE = YES;
				CLANG_WARN__DUPLICATE_METHOD_MATCH = YES;
				CODE_SIGN_IDENTITY = "iPhone Developer";
				COPY_PHASE_STRIP = NO;
				DEBUG_INFORMATION_FORMAT = "dwarf-with-dsym";
				ENABLE_NS_ASSERTIONS = NO;
				ENABLE_STRICT_OBJC_MSGSEND = YES;
				GCC_C_LANGUAGE_STANDARD = gnu11;
				GCC_NO_COMMON_BLOCKS = YES;
				GCC_WARN_64_TO_32_BIT_CONVERSION = YES;
				GCC_WARN_ABOUT_RETURN_TYPE = YES_ERROR;
				GCC_WARN_UNDECLARED_SELECTOR = YES;
				GCC_WARN_UNINITIALIZED_AUTOS = YES_AGGRESSIVE;
				GCC_WARN_UNUSED_FUNCTION = YES;
				GCC_WARN_UNUSED_VARIABLE = YES;
				IPHONEOS_DEPLOYMENT_TARGET = 11.0;
				MTL_ENABLE_DEBUG_INFO = NO;
				SDKROOT = iphoneos;
				SWIFT_OPTIMIZATION_LEVEL = "-Owholemodule";
				VALIDATE_PRODUCT = YES;
			};
			name = Release;
		};
		570373491FAB06C3004C3028 /* Debug */ = {
			isa = XCBuildConfiguration;
			buildSettings = {
				ASSETCATALOG_COMPILER_APPICON_NAME = AppIcon;
				"CODE_SIGN_IDENTITY[sdk=iphoneos*]" = "iPhone Developer";
				CODE_SIGN_STYLE = Automatic;
				DEVELOPMENT_TEAM = TRDY8DHHBD;
				INFOPLIST_FILE = "CoreML and Siri/Info.plist";
				LD_RUNPATH_SEARCH_PATHS = "$(inherited) @executable_path/Frameworks";
				PRODUCT_BUNDLE_IDENTIFIER = "com.Lvmama.CoreML-and-Siri";
				PRODUCT_NAME = "$(TARGET_NAME)";
				PROVISIONING_PROFILE = "";
				PROVISIONING_PROFILE_SPECIFIER = "";
				SWIFT_VERSION = 4.0;
				TARGETED_DEVICE_FAMILY = "1,2";
			};
			name = Debug;
		};
		5703734A1FAB06C3004C3028 /* Release */ = {
			isa = XCBuildConfiguration;
			buildSettings = {
				ASSETCATALOG_COMPILER_APPICON_NAME = AppIcon;
				"CODE_SIGN_IDENTITY[sdk=iphoneos*]" = "iPhone Developer";
				CODE_SIGN_STYLE = Automatic;
				DEVELOPMENT_TEAM = TRDY8DHHBD;
				INFOPLIST_FILE = "CoreML and Siri/Info.plist";
				LD_RUNPATH_SEARCH_PATHS = "$(inherited) @executable_path/Frameworks";
				PRODUCT_BUNDLE_IDENTIFIER = "com.Lvmama.CoreML-and-Siri";
				PRODUCT_NAME = "$(TARGET_NAME)";
				PROVISIONING_PROFILE_SPECIFIER = "";
				SWIFT_VERSION = 4.0;
				TARGETED_DEVICE_FAMILY = "1,2";
			};
			name = Release;
		};
/* End XCBuildConfiguration section */

/* Begin XCConfigurationList section */
		570373311FAB06C3004C3028 /* Build configuration list for PBXProject "CoreML and Siri" */ = {
			isa = XCConfigurationList;
			buildConfigurations = (
				570373461FAB06C3004C3028 /* Debug */,
				570373471FAB06C3004C3028 /* Release */,
			);
			defaultConfigurationIsVisible = 0;
			defaultConfigurationName = Release;
		};
		570373481FAB06C3004C3028 /* Build configuration list for PBXNativeTarget "CoreML and Siri" */ = {
			isa = XCConfigurationList;
			buildConfigurations = (
				570373491FAB06C3004C3028 /* Debug */,
				5703734A1FAB06C3004C3028 /* Release */,
			);
			defaultConfigurationIsVisible = 0;
			defaultConfigurationName = Release;
		};
/* End XCConfigurationList section */
	};
	rootObject = 5703732E1FAB06C3004C3028 /* Project object */;
}
